
Microsoft Visual Studio Solution File, Format Version 12.00
# Visual Studio Version 17
VisualStudioVersion = 17.9.34728.123
MinimumVisualStudioVersion = 10.0.40219.1
Project("{FAE04EC0-301F-11D3-BF4B-00C04F79EFBC}") = "Listas", "Listas\Listas.csproj", "{C4AB2D31-F536-4E3C-BB65-9E2C3021224B}"
EndProject
Global
	GlobalSection(SolutionConfigurationPlatforms) = preSolution
		Debug|Any CPU = Debug|Any CPU
		Release|Any CPU = Release|Any CPU
	EndGlobalSection
	GlobalSection(ProjectConfigurationPlatforms) = postSolution
		{C4AB2D31-F536-4E3C-BB65-9E2C3021224B}.Debug|Any CPU.ActiveCfg = Debug|Any CPU
		{C4AB2D31-F536-4E3C-BB65-9E2C3021224B}.Debug|Any CPU.Build.0 = Debug|Any CPU
		{C4AB2D31-F536-4E3C-BB65-9E2C3021224B}.Release|Any CPU.ActiveCfg = Release|Any CPU
		{C4AB2D31-F536-4E3C-BB65-9E2C3021224B}.Release|Any CPU.Build.0 = Release|Any CPU
	EndGlobalSection
	GlobalSection(SolutionProperties) = preSolution
		HideSolutionNode = FALSE
	EndGlobalSection
	GlobalSection(ExtensibilityGlobals) = postSolution
		SolutionGuid = {6E09BFF4-EFDC-4A0A-A1E9-BF7E58D3C9FD}
	EndGlobalSection
EndGlobal
